
Microsoft Visual Studio Solution File, Format Version 12.00
# Visual Studio 2013
VisualStudioVersion = 12.0.30501.0
MinimumVisualStudioVersion = 10.0.40219.1
Project("{FAE04EC0-301F-11D3-BF4B-00C04F79EFBC}") = "AeroColor", "AeroColor\AeroColor.csproj", "{A6F80E1D-5280-423D-89B9-A0606A09BFEC}"
EndProject
Project("{FAE04EC0-301F-11D3-BF4B-00C04F79EFBC}") = "AeroColor.Sample", "AeroColor.Sample\AeroColor.Sample.csproj", "{C4C637DA-7888-4D48-BA83-E09005AF15F2}"
EndProject
Global
	GlobalSection(SolutionConfigurationPlatforms) = preSolution
		Debug|Any CPU = Debug|Any CPU
		Release|Any CPU = Release|Any CPU
	EndGlobalSection
	GlobalSection(ProjectConfigurationPlatforms) = postSolution
		{A6F80E1D-5280-423D-89B9-A0606A09BFEC}.Debug|Any CPU.ActiveCfg = Debug|Any CPU
		{A6F80E1D-5280-423D-89B9-A0606A09BFEC}.Debug|Any CPU.Build.0 = Debug|Any CPU
		{A6F80E1D-5280-423D-89B9-A0606A09BFEC}.Release|Any CPU.ActiveCfg = Release|Any CPU
		{A6F80E1D-5280-423D-89B9-A0606A09BFEC}.Release|Any CPU.Build.0 = Release|Any CPU
		{C4C637DA-7888-4D48-BA83-E09005AF15F2}.Debug|Any CPU.ActiveCfg = Debug|Any CPU
		{C4C637DA-7888-4D48-BA83-E09005AF15F2}.Debug|Any CPU.Build.0 = Debug|Any CPU
		{C4C637DA-7888-4D48-BA83-E09005AF15F2}.Release|Any CPU.ActiveCfg = Release|Any CPU
		{C4C637DA-7888-4D48-BA83-E09005AF15F2}.Release|Any CPU.Build.0 = Release|Any CPU
	EndGlobalSection
	GlobalSection(SolutionProperties) = preSolution
		HideSolutionNode = FALSE
	EndGlobalSection
EndGlobal
